PODS:
  - Capacitor (7.4.5):
    - CapacitorCordova
  - CapacitorApp (7.1.1):
    - Capacitor
  - CapacitorCommunityBluetoothLe (7.3.2):
    - Capacitor
  - CapacitorCommunitySafeArea (7.0.0):
    - Capacitor
  - CapacitorCordova (7.4.5)
  - CapacitorFilesystem (7.1.6):
    - Capacitor
    - IONFilesystemLib (~> 1.0.1)
  - CapacitorShare (7.0.4):
    - Capacitor
  - IONFilesystemLib (1.0.1)
  - MicrobitCapacitorCommunityNordicDfu (7.0.0-microbit.3):
    - Capacitor
    - NordicDFU (~> 4.16.0)
  - MicrobitCapacitorSqliteVanilla (0.1.0-alpha.5):
    - Capacitor
  - NordicDFU (4.16.0):
    - ZIPFoundation (= 0.9.19)
  - ZIPFoundation (0.9.19)

DEPENDENCIES:
  - "Capacitor (from `../../node_modules/@capacitor/ios`)"
  - "CapacitorApp (from `../../node_modules/@capacitor/app`)"
  - "CapacitorCommunityBluetoothLe (from `../../node_modules/@capacitor-community/bluetooth-le`)"
  - "CapacitorCommunitySafeArea (from `../../node_modules/@capacitor-community/safe-area`)"
  - "CapacitorCordova (from `../../node_modules/@capacitor/ios`)"
  - "CapacitorFilesystem (from `../../node_modules/@capacitor/filesystem`)"
  - "CapacitorShare (from `../../node_modules/@capacitor/share`)"
  - "MicrobitCapacitorCommunityNordicDfu (from `../../node_modules/@microbit/capacitor-community-nordic-dfu`)"
  - "MicrobitCapacitorSqliteVanilla (from `../../node_modules/@microbit/capacitor-sqlite-vanilla`)"

SPEC REPOS:
  trunk:
    - IONFilesystemLib
    - NordicDFU
    - ZIPFoundation

EXTERNAL SOURCES:
  Capacitor:
    :path: "../../node_modules/@capacitor/ios"
  CapacitorApp:
    :path: "../../node_modules/@capacitor/app"
  CapacitorCommunityBluetoothLe:
    :path: "../../node_modules/@capacitor-community/bluetooth-le"
  CapacitorCommunitySafeArea:
    :path: "../../node_modules/@capacitor-community/safe-area"
  CapacitorCordova:
    :path: "../../node_modules/@capacitor/ios"
  CapacitorFilesystem:
    :path: "../../node_modules/@capacitor/filesystem"
  CapacitorShare:
    :path: "../../node_modules/@capacitor/share"
  MicrobitCapacitorCommunityNordicDfu:
    :path: "../../node_modules/@microbit/capacitor-community-nordic-dfu"
  MicrobitCapacitorSqliteVanilla:
    :path: "../../node_modules/@microbit/capacitor-sqlite-vanilla"

SPEC CHECKSUMS:
  Capacitor: 12914e6f1b7835e161a74ebd19cb361efa37a7dd
  CapacitorApp: 63b237168fc869e758481dba283315a85743ee78
  CapacitorCommunityBluetoothLe: 9aa29c1555fbe797e6b595db824c2acd39a5bdf5
  CapacitorCommunitySafeArea: 211e919d3f0ff6020a3b2acb3b772fa30fb685ef
  CapacitorCordova: 31bbe4466000c6b86d9b7f1181ee286cff0205aa
  CapacitorFilesystem: 66f05ee0d8b1ccdc00d509091273a9b3b57c4a0b
  CapacitorShare: 25f7fc5dd0e4edbde5d6801c6de5d14a8b450a41
  IONFilesystemLib: 89258b8e3e85465da93127d25d7ce37f977e8a6f
  MicrobitCapacitorCommunityNordicDfu: 2fc86a9ebd698d5609023cafd74ece8b5d64a59e
  MicrobitCapacitorSqliteVanilla: 007363ee4be41cd778997dda58b6827173ffb67f
  NordicDFU: 116a4ec458945889f8e0e71759e03b23c39c3482
  ZIPFoundation: b8c29ea7ae353b309bc810586181fd073cb3312c

PODFILE CHECKSUM: aca8c4db8121622a7efd1d29db532fd66374756e

COCOAPODS: 1.16.2
