PODS:
  - Capacitor (8.5.0):
    - CapacitorCordova
  - CapacitorApp (8.1.1):
    - Capacitor
  - CapacitorCommunityBluetoothLe (8.3.0):
    - Capacitor
  - CapacitorCordova (8.5.0)
  - CapacitorFilesystem (8.1.2):
    - Capacitor
    - IONFilesystemLib (~> 1.1.1)
  - CapacitorFirebaseAnalytics (7.5.0):
    - Capacitor
    - CapacitorFirebaseAnalytics/Lite (= 7.5.0)
  - CapacitorFirebaseAnalytics/AnalyticsWithoutAdIdSupport (7.5.0):
    - Capacitor
    - FirebaseAnalytics/WithoutAdIdSupport (~> 11.7.0)
  - CapacitorFirebaseAnalytics/Lite (7.5.0):
    - Capacitor
  - CapacitorKeyboard (8.0.5):
    - Capacitor
  - CapacitorShare (8.0.1):
    - Capacitor
  - FirebaseAnalytics/WithoutAdIdSupport (11.7.0):
    - FirebaseCore (~> 11.7.0)
    - FirebaseInstallations (~> 11.0)
    - GoogleAppMeasurement/WithoutAdIdSupport (= 11.7.0)
    - GoogleUtilities/AppDelegateSwizzler (~> 8.0)
    - GoogleUtilities/MethodSwizzler (~> 8.0)
    - GoogleUtilities/Network (~> 8.0)
    - "GoogleUtilities/NSData+zlib (~> 8.0)"
    - nanopb (~> 3.30910.0)
  - FirebaseCore (11.7.0):
    - FirebaseCoreInternal (~> 11.7.0)
    - GoogleUtilities/Environment (~> 8.0)
    - GoogleUtilities/Logger (~> 8.0)
  - FirebaseCoreInternal (11.7.0):
    - "GoogleUtilities/NSData+zlib (~> 8.0)"
  - FirebaseInstallations (11.7.0):
    - FirebaseCore (~> 11.7.0)
    - GoogleUtilities/Environment (~> 8.0)
    - GoogleUtilities/UserDefaults (~> 8.0)
    - PromisesObjC (~> 2.4)
  - GoogleAppMeasurement/WithoutAdIdSupport (11.7.0):
    - GoogleUtilities/AppDelegateSwizzler (~> 8.0)
    - GoogleUtilities/MethodSwizzler (~> 8.0)
    - GoogleUtilities/Network (~> 8.0)
    - "GoogleUtilities/NSData+zlib (~> 8.0)"
    - nanopb (~> 3.30910.0)
  - GoogleUtilities/AppDelegateSwizzler (8.1.0):
    - GoogleUtilities/Environment
    - GoogleUtilities/Logger
    - GoogleUtilities/Network
    - GoogleUtilities/Privacy
  - GoogleUtilities/Environment (8.1.0):
    - GoogleUtilities/Privacy
  - GoogleUtilities/Logger (8.1.0):
    - GoogleUtilities/Environment
    - GoogleUtilities/Privacy
  - GoogleUtilities/MethodSwizzler (8.1.0):
    - GoogleUtilities/Logger
    - GoogleUtilities/Privacy
  - GoogleUtilities/Network (8.1.0):
    - GoogleUtilities/Logger
    - "GoogleUtilities/NSData+zlib"
    - GoogleUtilities/Privacy
    - GoogleUtilities/Reachability
  - "GoogleUtilities/NSData+zlib (8.1.0)":
    - GoogleUtilities/Privacy
  - GoogleUtilities/Privacy (8.1.0)
  - GoogleUtilities/Reachability (8.1.0):
    - GoogleUtilities/Logger
    - GoogleUtilities/Privacy
  - GoogleUtilities/UserDefaults (8.1.0):
    - GoogleUtilities/Logger
    - GoogleUtilities/Privacy
  - IONFilesystemLib (1.1.2)
  - MicrobitCapacitorCommunityNordicDfu (8.0.0-microbit.1):
    - Capacitor
    - NordicDFU (~> 4.16.0)
  - MicrobitCapacitorSqliteVanilla (0.1.0):
    - Capacitor
  - nanopb (3.30910.0):
    - nanopb/decode (= 3.30910.0)
    - nanopb/encode (= 3.30910.0)
  - nanopb/decode (3.30910.0)
  - nanopb/encode (3.30910.0)
  - NordicDFU (4.16.0):
    - ZIPFoundation (= 0.9.19)
  - PromisesObjC (2.4.0)
  - Sentry (9.16.1):
    - Sentry/Core (= 9.16.1)
  - Sentry/Core (9.16.1)
  - SentryCapacitor (4.3.0):
    - Capacitor
    - Sentry (= 9.16.1)
  - ZIPFoundation (0.9.19)

DEPENDENCIES:
  - "Capacitor (from `../../node_modules/@capacitor/ios`)"
  - "CapacitorApp (from `../../node_modules/@capacitor/app`)"
  - "CapacitorCommunityBluetoothLe (from `../../node_modules/@capacitor-community/bluetooth-le`)"
  - "CapacitorCordova (from `../../node_modules/@capacitor/ios`)"
  - "CapacitorFilesystem (from `../../node_modules/@capacitor/filesystem`)"
  - "CapacitorFirebaseAnalytics (from `../../node_modules/@capacitor-firebase/analytics`)"
  - "CapacitorFirebaseAnalytics/AnalyticsWithoutAdIdSupport (from `../../node_modules/@capacitor-firebase/analytics`)"
  - "CapacitorKeyboard (from `../../node_modules/@capacitor/keyboard`)"
  - "CapacitorShare (from `../../node_modules/@capacitor/share`)"
  - "MicrobitCapacitorCommunityNordicDfu (from `../../node_modules/@microbit/capacitor-community-nordic-dfu`)"
  - "MicrobitCapacitorSqliteVanilla (from `../../node_modules/@microbit/capacitor-sqlite-vanilla`)"
  - "SentryCapacitor (from `../../node_modules/@sentry/capacitor`)"

SPEC REPOS:
  trunk:
    - FirebaseAnalytics
    - FirebaseCore
    - FirebaseCoreInternal
    - FirebaseInstallations
    - GoogleAppMeasurement
    - GoogleUtilities
    - IONFilesystemLib
    - nanopb
    - NordicDFU
    - PromisesObjC
    - Sentry
    - ZIPFoundation

EXTERNAL SOURCES:
  Capacitor:
    :path: "../../node_modules/@capacitor/ios"
  CapacitorApp:
    :path: "../../node_modules/@capacitor/app"
  CapacitorCommunityBluetoothLe:
    :path: "../../node_modules/@capacitor-community/bluetooth-le"
  CapacitorCordova:
    :path: "../../node_modules/@capacitor/ios"
  CapacitorFilesystem:
    :path: "../../node_modules/@capacitor/filesystem"
  CapacitorFirebaseAnalytics:
    :path: "../../node_modules/@capacitor-firebase/analytics"
  CapacitorKeyboard:
    :path: "../../node_modules/@capacitor/keyboard"
  CapacitorShare:
    :path: "../../node_modules/@capacitor/share"
  MicrobitCapacitorCommunityNordicDfu:
    :path: "../../node_modules/@microbit/capacitor-community-nordic-dfu"
  MicrobitCapacitorSqliteVanilla:
    :path: "../../node_modules/@microbit/capacitor-sqlite-vanilla"
  SentryCapacitor:
    :path: "../../node_modules/@sentry/capacitor"

SPEC CHECKSUMS:
  Capacitor: 00b87168591cc006ea6f5c0de681ec5c39a2c8eb
  CapacitorApp: 305bd13c44f6f9d164e2ee66a4faa956ed8c0e06
  CapacitorCommunityBluetoothLe: f9c76baa5338d206b7418c48d945d93d47800af3
  CapacitorCordova: 9d3acbb574048e7167d2af127a0af2123e619f2f
  CapacitorFilesystem: 2db285a1ac6e475cc27cae2e1bea999000f9e2be
  CapacitorFirebaseAnalytics: 27ad621b8f41c2cd2b2169f2db6f476cdac49011
  CapacitorKeyboard: b6b0744890cdb1d9a96e2cafcc9253fdcc55de3b
  CapacitorShare: 0c58305114538568059bfc07111f22dcb9cb2a82
  FirebaseAnalytics: bc9e565af9044ba8d6c6e4157e4edca8e5fdf7ec
  FirebaseCore: 3227e35f4197a924206fbcdc0349325baf4f5de4
  FirebaseCoreInternal: d6c17dafc8dc33614733a8b52df78fcb4394c881
  FirebaseInstallations: 9347e719c3d52d8d7b9074b2c32407dd027305e9
  GoogleAppMeasurement: 0471a5b5bff51f3a91b1e76df22c952d04c63967
  GoogleUtilities: 00c88b9a86066ef77f0da2fab05f65d7768ed8e1
  IONFilesystemLib: 21a63377696b2d8fab5632ecfb7d2ac67bddb68a
  MicrobitCapacitorCommunityNordicDfu: c68ca3803e6f771f645fa74a3745f52a6bdb4f58
  MicrobitCapacitorSqliteVanilla: 20d31db6cb14e3ad0c2c4d61d13bda4ca6337cba
  nanopb: fad817b59e0457d11a5dfbde799381cd727c1275
  NordicDFU: 116a4ec458945889f8e0e71759e03b23c39c3482
  PromisesObjC: f5707f49cb48b9636751c5b2e7d227e43fba9f47
  Sentry: e5d82a3c1f2d951f75c04c57215a0abb1facbd51
  SentryCapacitor: 0561def7ada7e47d0437324e7aa3db60d52bfe40
  ZIPFoundation: b8c29ea7ae353b309bc810586181fd073cb3312c

PODFILE CHECKSUM: 29d696bc2bbc03ae11a4ec8f381a42af12266d5c

COCOAPODS: 1.16.2
